{
  "name": "ueetestproject",
  "version": "0.0.1",
  "lockfileVersion": 2,
  "requires": true,
  "packages": {
    "": {
      "name": "ueetestproject",
      "version": "0.0.1",
      "license": "ISC",
      "dependencies": {
        "uee": "github:ellementul/UEE"
      }
    },
    "node_modules/uee": {
      "version": "0.1.0",
      "resolved": "git+ssh://git@github.com/ellementul/UEE.git#f4b944bbefbd945a6e736640bb4f0d80836d9906",
      "license": "ISC",
      "dependencies": {
        "uuid": "^8.3.2"
      }
    },
    "node_modules/uuid": {
      "version": "8.3.2",
      "license": "MIT",
      "bin": {
        "uuid": "dist/bin/uuid"
      }
    }
  },
  "dependencies": {
    "uee": {
      "version": "git+ssh://git@github.com/ellementul/UEE.git#f4b944bbefbd945a6e736640bb4f0d80836d9906",
      "from": "uee@https://github.com/ellementul/UEE.git",
      "requires": {
        "uuid": "^8.3.2"
      }
    },
    "uuid": {
      "version": "8.3.2"
    }
  }
}
